
Microsoft Visual Studio Solution File, Format Version 12.00
# Visual Studio 15
VisualStudioVersion = 15.0.27004.2010
MinimumVisualStudioVersion = 10.0.40219.1
Project("{2150E333-8FDC-42A3-9474-1A3956D46DE8}") = "solution-items", "solution-items", "{788185DD-7404-47DF-AFF3-698298A6F934}"
	ProjectSection(SolutionItems) = preProject
		Directory.Build.props = src\Directory.Build.props
		version.props = src\version.props
		src\common-tests.props = src\common-tests.props
		src\common.props = src\common.props
		src\Directory.Packages.props = src\Directory.Packages.props
	EndProjectSection
EndProject
Project("{9A19103F-16F7-4668-BE54-9A1E7A4F7556}") = "PPWCode.Vernacular.Persistence.IV", "src\IV\PPWCode.Vernacular.Persistence.IV.csproj", "{12B4B648-D937-42F7-B7A3-B5B9D83941C9}"
EndProject
Project("{9A19103F-16F7-4668-BE54-9A1E7A4F7556}") = "PPWCode.Vernacular.Persistence.IV.Tests", "src\IV.Tests\PPWCode.Vernacular.Persistence.IV.Tests.csproj", "{60F05DAC-9FE5-4B7B-8E5D-601E87F1EEC4}"
EndProject
Project("{2150E333-8FDC-42A3-9474-1A3956D46DE8}") = "package", "package", "{79178E20-69AE-47F1-A987-CA080D9DFA1E}"
ProjectSection(SolutionItems) = preProject
	LICENSE = LICENSE
	NOTICE = NOTICE
	README.md = README.md
	assets\ppw-logo-2.png = assets\ppw-logo-2.png
	assets\ppw-logo.png = assets\ppw-logo.png
EndProjectSection
EndProject
Project("{2150E333-8FDC-42A3-9474-1A3956D46DE8}") = "analyzers", "analyzers", "{C6958A45-74D0-47E5-B10D-A5F869461597}"
	ProjectSection(SolutionItems) = preProject
		src\Analyzer-Tests.ruleset = src\Analyzer-Tests.ruleset
		src\Analyzer.ruleset = src\Analyzer.ruleset
	EndProjectSection
EndProject
Project("{2150E333-8FDC-42A3-9474-1A3956D46DE8}") = "build-pipeline", "build-pipeline", "{32434BAE-6C65-446D-BBE8-BEBFF65B8000}"
	ProjectSection(SolutionItems) = preProject
		.github\workflows\ci.yml = .github\workflows\ci.yml
		.github\workflows\publish.yml = .github\workflows\publish.yml
	EndProjectSection
EndProject
Global
	GlobalSection(SolutionConfigurationPlatforms) = preSolution
		Debug|Any CPU = Debug|Any CPU
		Release|Any CPU = Release|Any CPU
	EndGlobalSection
	GlobalSection(ProjectConfigurationPlatforms) = postSolution
		{12B4B648-D937-42F7-B7A3-B5B9D83941C9}.Debug|Any CPU.ActiveCfg = Debug|Any CPU
		{12B4B648-D937-42F7-B7A3-B5B9D83941C9}.Debug|Any CPU.Build.0 = Debug|Any CPU
		{12B4B648-D937-42F7-B7A3-B5B9D83941C9}.Release|Any CPU.ActiveCfg = Release|Any CPU
		{12B4B648-D937-42F7-B7A3-B5B9D83941C9}.Release|Any CPU.Build.0 = Release|Any CPU
		{60F05DAC-9FE5-4B7B-8E5D-601E87F1EEC4}.Debug|Any CPU.ActiveCfg = Debug|Any CPU
		{60F05DAC-9FE5-4B7B-8E5D-601E87F1EEC4}.Debug|Any CPU.Build.0 = Debug|Any CPU
		{60F05DAC-9FE5-4B7B-8E5D-601E87F1EEC4}.Release|Any CPU.ActiveCfg = Release|Any CPU
		{60F05DAC-9FE5-4B7B-8E5D-601E87F1EEC4}.Release|Any CPU.Build.0 = Release|Any CPU
	EndGlobalSection
	GlobalSection(SolutionProperties) = preSolution
		HideSolutionNode = FALSE
	EndGlobalSection
	GlobalSection(ExtensibilityGlobals) = postSolution
		SolutionGuid = {F19E65B3-0C8A-49C8-9BA2-91C5BAE225F3}
	EndGlobalSection
EndGlobal
