
Microsoft Visual Studio Solution File, Format Version 12.00
# Visual Studio 15
VisualStudioVersion = 15.0.27004.2010
MinimumVisualStudioVersion = 10.0.40219.1
Project("{2150E333-8FDC-42A3-9474-1A3956D46DE8}") = "solution-items", "solution-items", "{788185DD-7404-47DF-AFF3-698298A6F934}"
	ProjectSection(SolutionItems) = preProject
		src\common-tests.props = src\common-tests.props
		src\common.props = src\common.props
		src\Directory.Build.props = src\Directory.Build.props
		src\Directory.Packages.props = src\Directory.Packages.props
	EndProjectSection
EndProject
Project("{2150E333-8FDC-42A3-9474-1A3956D46DE8}") = "package", "package", "{79178E20-69AE-47F1-A987-CA080D9DFA1E}"
ProjectSection(SolutionItems) = preProject
	LICENSE = LICENSE
	NOTICE = NOTICE
	README.md = README.md
	assets\ppw-logo-2.png = assets\ppw-logo-2.png
	assets\ppw-logo.png = assets\ppw-logo.png
EndProjectSection
EndProject
Project("{2150E333-8FDC-42A3-9474-1A3956D46DE8}") = "analyzers", "analyzers", "{C6958A45-74D0-47E5-B10D-A5F869461597}"
	ProjectSection(SolutionItems) = preProject
		src\Analyzer-Tests.ruleset = src\Analyzer-Tests.ruleset
		src\Analyzer.ruleset = src\Analyzer.ruleset
	EndProjectSection
EndProject
Project("{2150E333-8FDC-42A3-9474-1A3956D46DE8}") = "build-pipeline", "build-pipeline", "{32434BAE-6C65-446D-BBE8-BEBFF65B8000}"
	ProjectSection(SolutionItems) = preProject
		.github\workflows\ci.yml = .github\workflows\ci.yml
		.github\workflows\publish.yml = .github\workflows\publish.yml
	EndProjectSection
EndProject
Project("{FAE04EC0-301F-11D3-BF4B-00C04F79EFBC}") = "PPWCode.Vernacular.Persistence.V", "src\V\PPWCode.Vernacular.Persistence.V.csproj", "{4AB7CBEC-674B-4AC7-B6CA-E724AC2CFA43}"
EndProject
Project("{FAE04EC0-301F-11D3-BF4B-00C04F79EFBC}") = "PPWCode.Vernacular.Persistence.V.Tests", "src\V.Tests\PPWCode.Vernacular.Persistence.V.Tests.csproj", "{2AD826DA-DF2F-4F34-8998-D1F947704F81}"
EndProject
Project("{FAE04EC0-301F-11D3-BF4B-00C04F79EFBC}") = "PPWCode.Vernacular.Persistence.V.Testing", "src\V.Testing\PPWCode.Vernacular.Persistence.V.Testing.csproj", "{B8A7CF81-0DE6-4FED-97E3-E5F884F1E56A}"
EndProject
Global
	GlobalSection(SolutionConfigurationPlatforms) = preSolution
		Debug|Any CPU = Debug|Any CPU
		Release|Any CPU = Release|Any CPU
	EndGlobalSection
	GlobalSection(ProjectConfigurationPlatforms) = postSolution
		{4AB7CBEC-674B-4AC7-B6CA-E724AC2CFA43}.Debug|Any CPU.ActiveCfg = Debug|Any CPU
		{4AB7CBEC-674B-4AC7-B6CA-E724AC2CFA43}.Debug|Any CPU.Build.0 = Debug|Any CPU
		{4AB7CBEC-674B-4AC7-B6CA-E724AC2CFA43}.Release|Any CPU.ActiveCfg = Release|Any CPU
		{4AB7CBEC-674B-4AC7-B6CA-E724AC2CFA43}.Release|Any CPU.Build.0 = Release|Any CPU
		{2AD826DA-DF2F-4F34-8998-D1F947704F81}.Debug|Any CPU.ActiveCfg = Debug|Any CPU
		{2AD826DA-DF2F-4F34-8998-D1F947704F81}.Debug|Any CPU.Build.0 = Debug|Any CPU
		{2AD826DA-DF2F-4F34-8998-D1F947704F81}.Release|Any CPU.ActiveCfg = Release|Any CPU
		{2AD826DA-DF2F-4F34-8998-D1F947704F81}.Release|Any CPU.Build.0 = Release|Any CPU
		{B8A7CF81-0DE6-4FED-97E3-E5F884F1E56A}.Debug|Any CPU.ActiveCfg = Debug|Any CPU
		{B8A7CF81-0DE6-4FED-97E3-E5F884F1E56A}.Debug|Any CPU.Build.0 = Debug|Any CPU
		{B8A7CF81-0DE6-4FED-97E3-E5F884F1E56A}.Release|Any CPU.ActiveCfg = Release|Any CPU
		{B8A7CF81-0DE6-4FED-97E3-E5F884F1E56A}.Release|Any CPU.Build.0 = Release|Any CPU
	EndGlobalSection
	GlobalSection(SolutionProperties) = preSolution
		HideSolutionNode = FALSE
	EndGlobalSection
	GlobalSection(ExtensibilityGlobals) = postSolution
		SolutionGuid = {F19E65B3-0C8A-49C8-9BA2-91C5BAE225F3}
	EndGlobalSection
EndGlobal
