
Microsoft Visual Studio Solution File, Format Version 12.00
# Visual Studio 2012
Project("{FAE04EC0-301F-11D3-BF4B-00C04F79EFBC}") = "PPWCode.Vernacular.Persistence.II", "PPWCode.Vernacular.Persistence.II\PPWCode.Vernacular.Persistence.II.csproj", "{12B4B648-D937-42F7-B7A3-B5B9D83941C9}"
EndProject
Project("{2150E333-8FDC-42A3-9474-1A3956D46DE8}") = "SolutionItems", "SolutionItems", "{1EB1E55E-198A-4D9B-887E-FA95DECE32DC}"
	ProjectSection(SolutionItems) = preProject
		PPWCode.Vernacular.Persistence.II\PPWCode.Vernacular.Persistence.II.nuspec = PPWCode.Vernacular.Persistence.II\PPWCode.Vernacular.Persistence.II.nuspec
		Solution Items\SolutionInfo.cs = Solution Items\SolutionInfo.cs
	EndProjectSection
EndProject
Global
	GlobalSection(SolutionConfigurationPlatforms) = preSolution
		Debug|Any CPU = Debug|Any CPU
		Release|Any CPU = Release|Any CPU
	EndGlobalSection
	GlobalSection(ProjectConfigurationPlatforms) = postSolution
		{12B4B648-D937-42F7-B7A3-B5B9D83941C9}.Debug|Any CPU.ActiveCfg = Debug|Any CPU
		{12B4B648-D937-42F7-B7A3-B5B9D83941C9}.Debug|Any CPU.Build.0 = Debug|Any CPU
		{12B4B648-D937-42F7-B7A3-B5B9D83941C9}.Release|Any CPU.ActiveCfg = Release|Any CPU
		{12B4B648-D937-42F7-B7A3-B5B9D83941C9}.Release|Any CPU.Build.0 = Release|Any CPU
	EndGlobalSection
	GlobalSection(SolutionProperties) = preSolution
		HideSolutionNode = FALSE
	EndGlobalSection
EndGlobal
