
Microsoft Visual Studio Solution File, Format Version 12.00
# Visual Studio 2012
Project("{2150E333-8FDC-42A3-9474-1A3956D46DE8}") = "Solution Items", "Solution Items", "{92BE80A7-9616-422A-A704-DD2C09F9E058}"
	ProjectSection(SolutionItems) = preProject
		Solution Items\SolutionInfo.cs = Solution Items\SolutionInfo.cs
	EndProjectSection
EndProject
Project("{FAE04EC0-301F-11D3-BF4B-00C04F79EFBC}") = "PPWCode.Vernacular.Persistence.I", "I\PPWCode.Vernacular.Persistence.I.csproj", "{D113DEEF-95FD-4A84-B0D4-DF92201592B3}"
EndProject
Project("{FAE04EC0-301F-11D3-BF4B-00C04F79EFBC}") = "PPWCode.Vernacular.Persistence.I.Tests", "I.Tests\PPWCode.Vernacular.Persistence.I.Tests.csproj", "{A4C3A11D-AF86-4972-9472-ABB01E6D279B}"
EndProject
Global
	GlobalSection(SolutionConfigurationPlatforms) = preSolution
		Debug|Any CPU = Debug|Any CPU
		DebugNoInvariants|Any CPU = DebugNoInvariants|Any CPU
		Release|Any CPU = Release|Any CPU
	EndGlobalSection
	GlobalSection(ProjectConfigurationPlatforms) = postSolution
		{D113DEEF-95FD-4A84-B0D4-DF92201592B3}.Debug|Any CPU.ActiveCfg = Debug|Any CPU
		{D113DEEF-95FD-4A84-B0D4-DF92201592B3}.Debug|Any CPU.Build.0 = Debug|Any CPU
		{D113DEEF-95FD-4A84-B0D4-DF92201592B3}.DebugNoInvariants|Any CPU.ActiveCfg = DebugNoInvariants|Any CPU
		{D113DEEF-95FD-4A84-B0D4-DF92201592B3}.DebugNoInvariants|Any CPU.Build.0 = DebugNoInvariants|Any CPU
		{D113DEEF-95FD-4A84-B0D4-DF92201592B3}.Release|Any CPU.ActiveCfg = Release|Any CPU
		{D113DEEF-95FD-4A84-B0D4-DF92201592B3}.Release|Any CPU.Build.0 = Release|Any CPU
		{A4C3A11D-AF86-4972-9472-ABB01E6D279B}.Debug|Any CPU.ActiveCfg = Debug|Any CPU
		{A4C3A11D-AF86-4972-9472-ABB01E6D279B}.Debug|Any CPU.Build.0 = Debug|Any CPU
		{A4C3A11D-AF86-4972-9472-ABB01E6D279B}.DebugNoInvariants|Any CPU.ActiveCfg = DebugNoInvariants|Any CPU
		{A4C3A11D-AF86-4972-9472-ABB01E6D279B}.DebugNoInvariants|Any CPU.Build.0 = DebugNoInvariants|Any CPU
		{A4C3A11D-AF86-4972-9472-ABB01E6D279B}.Release|Any CPU.ActiveCfg = Release|Any CPU
		{A4C3A11D-AF86-4972-9472-ABB01E6D279B}.Release|Any CPU.Build.0 = Release|Any CPU
	EndGlobalSection
	GlobalSection(SolutionProperties) = preSolution
		HideSolutionNode = FALSE
	EndGlobalSection
	GlobalSection(SubversionScc) = preSolution
		Svn-Managed = True
		Manager = AnkhSVN - Subversion Support for Visual Studio
	EndGlobalSection
EndGlobal
